
Microsoft Visual Studio Solution File, Format Version 12.00
# Visual Studio Version 16
VisualStudioVersion = 16.0.30204.135
MinimumVisualStudioVersion = 10.0.40219.1
Project("{FAE04EC0-301F-11D3-BF4B-00C04F79EFBC}") = "TOOLS", "TOOLS\TOOLS.csproj", "{B8B4C1C5-E8A8-417F-A031-2529714A6558}"
EndProject
Global
	GlobalSection(SolutionConfigurationPlatforms) = preSolution
		Debug|Any CPU = Debug|Any CPU
		Release|Any CPU = Release|Any CPU
	EndGlobalSection
	GlobalSection(ProjectConfigurationPlatforms) = postSolution
		{B8B4C1C5-E8A8-417F-A031-2529714A6558}.Debug|Any CPU.ActiveCfg = Debug|Any CPU
		{B8B4C1C5-E8A8-417F-A031-2529714A6558}.Debug|Any CPU.Build.0 = Debug|Any CPU
		{B8B4C1C5-E8A8-417F-A031-2529714A6558}.Release|Any CPU.ActiveCfg = Release|Any CPU
		{B8B4C1C5-E8A8-417F-A031-2529714A6558}.Release|Any CPU.Build.0 = Release|Any CPU
	EndGlobalSection
	GlobalSection(SolutionProperties) = preSolution
		HideSolutionNode = FALSE
	EndGlobalSection
	GlobalSection(ExtensibilityGlobals) = postSolution
		SolutionGuid = {3A1E7FC6-3438-471D-A2A9-B4195C3B96D0}
	EndGlobalSection
EndGlobal
